
Microsoft Visual Studio Solution File, Format Version 12.00
# Visual Studio Version 17
VisualStudioVersion = 17.5.002.0
MinimumVisualStudioVersion = 10.0.40219.1
Project("{9A19103F-16F7-4668-BE54-9A1E7A4F7556}") = "booleanExpression", "booleanExpression.csproj", "{5FAEE068-55A2-4C14-8FF6-86F61AF1B915}"
EndProject
Global
	GlobalSection(SolutionConfigurationPlatforms) = preSolution
		Debug|Any CPU = Debug|Any CPU
		Release|Any CPU = Release|Any CPU
	EndGlobalSection
	GlobalSection(ProjectConfigurationPlatforms) = postSolution
		{5FAEE068-55A2-4C14-8FF6-86F61AF1B915}.Debug|Any CPU.ActiveCfg = Debug|Any CPU
		{5FAEE068-55A2-4C14-8FF6-86F61AF1B915}.Debug|Any CPU.Build.0 = Debug|Any CPU
		{5FAEE068-55A2-4C14-8FF6-86F61AF1B915}.Release|Any CPU.ActiveCfg = Release|Any CPU
		{5FAEE068-55A2-4C14-8FF6-86F61AF1B915}.Release|Any CPU.Build.0 = Release|Any CPU
	EndGlobalSection
	GlobalSection(SolutionProperties) = preSolution
		HideSolutionNode = FALSE
	EndGlobalSection
	GlobalSection(ExtensibilityGlobals) = postSolution
		SolutionGuid = {B20D0775-067C-4AB3-AEB5-D09F573A9A8E}
	EndGlobalSection
EndGlobal
