
Microsoft Visual Studio Solution File, Format Version 12.00
# Visual Studio Version 17
VisualStudioVersion = 17.5.002.0
MinimumVisualStudioVersion = 10.0.40219.1
Project("{9A19103F-16F7-4668-BE54-9A1E7A4F7556}") = "returnType", "returnType.csproj", "{0E3C9454-7C3A-4598-B81F-5623B0596CFF}"
EndProject
Global
	GlobalSection(SolutionConfigurationPlatforms) = preSolution
		Debug|Any CPU = Debug|Any CPU
		Release|Any CPU = Release|Any CPU
	EndGlobalSection
	GlobalSection(ProjectConfigurationPlatforms) = postSolution
		{0E3C9454-7C3A-4598-B81F-5623B0596CFF}.Debug|Any CPU.ActiveCfg = Debug|Any CPU
		{0E3C9454-7C3A-4598-B81F-5623B0596CFF}.Debug|Any CPU.Build.0 = Debug|Any CPU
		{0E3C9454-7C3A-4598-B81F-5623B0596CFF}.Release|Any CPU.ActiveCfg = Release|Any CPU
		{0E3C9454-7C3A-4598-B81F-5623B0596CFF}.Release|Any CPU.Build.0 = Release|Any CPU
	EndGlobalSection
	GlobalSection(SolutionProperties) = preSolution
		HideSolutionNode = FALSE
	EndGlobalSection
	GlobalSection(ExtensibilityGlobals) = postSolution
		SolutionGuid = {0C388D74-FF0B-4315-8098-AC2C5D1921BE}
	EndGlobalSection
EndGlobal
